{
  "name": "quimgc-hello-nd-test",
  "version": "1.0.0",
  "lockfileVersion": 1,
  "requires": true,
  "dependencies": {
    "quimgc-hello-nd": {
      "version": "1.0.3",
      "resolved": "https://registry.npmjs.org/quimgc-hello-nd/-/quimgc-hello-nd-1.0.3.tgz",
      "integrity": "sha512-wnT417Dc3cVP8Jf4SMNCeYMA5SSPamjmir0w9e3jg5WgYY1F9TRul+g03S7z+hFWubvgEJ21LTYXn8q6qmwuqQ==",
      "requires": {
        "underscore.string": "3.3.4"
      }
    },
    "sprintf-js": {
      "version": "1.1.1",
      "resolved": "https://registry.npmjs.org/sprintf-js/-/sprintf-js-1.1.1.tgz",
      "integrity": "sha1-Nr54Mgr+WAH2zqPueLblqrlA6gw="
    },
    "underscore.string": {
      "version": "3.3.4",
      "resolved": "https://registry.npmjs.org/underscore.string/-/underscore.string-3.3.4.tgz",
      "integrity": "sha1-LCo/n4PmR2L9xF5s6sZRQoZCE9s=",
      "requires": {
        "sprintf-js": "1.1.1",
        "util-deprecate": "1.0.2"
      }
    },
    "util-deprecate": {
      "version": "1.0.2",
      "resolved": "https://registry.npmjs.org/util-deprecate/-/util-deprecate-1.0.2.tgz",
      "integrity": "sha1-RQ1Nyfpw3nMnYvvS1KKJgUGaDM8="
    }
  }
}
